
Microsoft Visual Studio Solution File, Format Version 12.00
# Visual Studio Version 17
VisualStudioVersion = 17.4.33122.133
MinimumVisualStudioVersion = 10.0.40219.1
Project("{FAE04EC0-301F-11D3-BF4B-00C04F79EFBC}") = "Operatorok", "Operatorok\Operatorok.csproj", "{75B77CF5-74BC-4529-9BAE-F4E89A60FF6B}"
EndProject
Global
	GlobalSection(SolutionConfigurationPlatforms) = preSolution
		Debug|Any CPU = Debug|Any CPU
		Release|Any CPU = Release|Any CPU
	EndGlobalSection
	GlobalSection(ProjectConfigurationPlatforms) = postSolution
		{75B77CF5-74BC-4529-9BAE-F4E89A60FF6B}.Debug|Any CPU.ActiveCfg = Debug|Any CPU
		{75B77CF5-74BC-4529-9BAE-F4E89A60FF6B}.Debug|Any CPU.Build.0 = Debug|Any CPU
		{75B77CF5-74BC-4529-9BAE-F4E89A60FF6B}.Release|Any CPU.ActiveCfg = Release|Any CPU
		{75B77CF5-74BC-4529-9BAE-F4E89A60FF6B}.Release|Any CPU.Build.0 = Release|Any CPU
	EndGlobalSection
	GlobalSection(SolutionProperties) = preSolution
		HideSolutionNode = FALSE
	EndGlobalSection
	GlobalSection(ExtensibilityGlobals) = postSolution
		SolutionGuid = {287A9A18-731D-4080-966E-5DFADF4F1949}
	EndGlobalSection
EndGlobal
